
Microsoft Visual Studio Solution File, Format Version 12.00
# Visual Studio Version 17
VisualStudioVersion = 17.11.35303.130
MinimumVisualStudioVersion = 10.0.40219.1
Project("{9A19103F-16F7-4668-BE54-9A1E7A4F7556}") = "Lap", "Lap\Lap.csproj", "{BDAC1827-3C6C-4C34-BE9F-87E316432D6B}"
EndProject
Project("{FAE04EC0-301F-11D3-BF4B-00C04F79EFBC}") = "Domain", "Domain\Domain.csproj", "{88471EFB-94C6-4DED-9365-9BB2AFAA0292}"
EndProject
Project("{FAE04EC0-301F-11D3-BF4B-00C04F79EFBC}") = "Application", "Application\Application.csproj", "{258ECB9C-0B00-4C4D-BD04-357DB7B0B128}"
EndProject
Project("{FAE04EC0-301F-11D3-BF4B-00C04F79EFBC}") = "Infrastructure", "Infrastructure\Infrastructure.csproj", "{63AC4FCB-78BA-4ED9-A6E7-16B9ED026BDB}"
EndProject
Global
	GlobalSection(SolutionConfigurationPlatforms) = preSolution
		Debug|Any CPU = Debug|Any CPU
		Release|Any CPU = Release|Any CPU
	EndGlobalSection
	GlobalSection(ProjectConfigurationPlatforms) = postSolution
		{BDAC1827-3C6C-4C34-BE9F-87E316432D6B}.Debug|Any CPU.ActiveCfg = Debug|Any CPU
		{BDAC1827-3C6C-4C34-BE9F-87E316432D6B}.Debug|Any CPU.Build.0 = Debug|Any CPU
		{BDAC1827-3C6C-4C34-BE9F-87E316432D6B}.Release|Any CPU.ActiveCfg = Release|Any CPU
		{BDAC1827-3C6C-4C34-BE9F-87E316432D6B}.Release|Any CPU.Build.0 = Release|Any CPU
		{88471EFB-94C6-4DED-9365-9BB2AFAA0292}.Debug|Any CPU.ActiveCfg = Debug|Any CPU
		{88471EFB-94C6-4DED-9365-9BB2AFAA0292}.Debug|Any CPU.Build.0 = Debug|Any CPU
		{88471EFB-94C6-4DED-9365-9BB2AFAA0292}.Release|Any CPU.ActiveCfg = Release|Any CPU
		{88471EFB-94C6-4DED-9365-9BB2AFAA0292}.Release|Any CPU.Build.0 = Release|Any CPU
		{258ECB9C-0B00-4C4D-BD04-357DB7B0B128}.Debug|Any CPU.ActiveCfg = Debug|Any CPU
		{258ECB9C-0B00-4C4D-BD04-357DB7B0B128}.Debug|Any CPU.Build.0 = Debug|Any CPU
		{258ECB9C-0B00-4C4D-BD04-357DB7B0B128}.Release|Any CPU.ActiveCfg = Release|Any CPU
		{258ECB9C-0B00-4C4D-BD04-357DB7B0B128}.Release|Any CPU.Build.0 = Release|Any CPU
		{63AC4FCB-78BA-4ED9-A6E7-16B9ED026BDB}.Debug|Any CPU.ActiveCfg = Debug|Any CPU
		{63AC4FCB-78BA-4ED9-A6E7-16B9ED026BDB}.Debug|Any CPU.Build.0 = Debug|Any CPU
		{63AC4FCB-78BA-4ED9-A6E7-16B9ED026BDB}.Release|Any CPU.ActiveCfg = Release|Any CPU
		{63AC4FCB-78BA-4ED9-A6E7-16B9ED026BDB}.Release|Any CPU.Build.0 = Release|Any CPU
	EndGlobalSection
	GlobalSection(SolutionProperties) = preSolution
		HideSolutionNode = FALSE
	EndGlobalSection
	GlobalSection(ExtensibilityGlobals) = postSolution
		SolutionGuid = {3E353E2A-C352-439E-BBC5-FE26B7F89B7C}
	EndGlobalSection
EndGlobal
